Microsoft Visual Studio Solution File, Format Version 12.00
# Visual Studio Version 17
VisualStudioVersion = 17.5.2.0
MinimumVisualStudioVersion = 10.0.40219.1
Project("{FAE04EC0-301F-11D3-BF4B-00C04F79EFBC}") = "QLKSAPI", "QLKS_API.csproj", "{7E4A678B-1397-6C41-A391-F9B4F950F6C3}"
EndProject
Global
	GlobalSection(SolutionConfigurationPlatforms) = preSolution
		Debug|Any CPU = Debug|Any CPU
		Release|Any CPU = Release|Any CPU
	EndGlobalSection
	GlobalSection(ProjectConfigurationPlatforms) = postSolution
		{7E4A678B-1397-6C41-A391-F9B4F950F6C3}.Debug|Any CPU.ActiveCfg = Debug|Any CPU
		{7E4A678B-1397-6C41-A391-F9B4F950F6C3}.Debug|Any CPU.Build.0 = Debug|Any CPU
		{7E4A678B-1397-6C41-A391-F9B4F950F6C3}.Release|Any CPU.ActiveCfg = Release|Any CPU
		{7E4A678B-1397-6C41-A391-F9B4F950F6C3}.Release|Any CPU.Build.0 = Release|Any CPU
	EndGlobalSection
	GlobalSection(SolutionProperties) = preSolution
		HideSolutionNode = FALSE
	EndGlobalSection
	GlobalSection(ExtensibilityGlobals) = postSolution
		SolutionGuid = {10EF0D5B-F5B3-47A6-BBDB-7E7C391AA34B}
	EndGlobalSection
EndGlobal
